
Microsoft Visual Studio Solution File, Format Version 12.00
# Visual Studio Version 17
VisualStudioVersion = 17.5.33627.172
MinimumVisualStudioVersion = 10.0.40219.1
Project("{FAE04EC0-301F-11D3-BF4B-00C04F79EFBC}") = "CmdletHelpEditor", "CmdletHelpEditor\CmdletHelpEditor.csproj", "{1193A898-7B3B-4C3F-9594-7E71BA36F030}"
EndProject
Project("{FAE04EC0-301F-11D3-BF4B-00C04F79EFBC}") = "CodeKicker.BBCode", "CodeKicker.BBCode\CodeKicker.BBCode.csproj", "{1C8A5FB6-633A-43BD-B1B7-75A0DDC308F5}"
EndProject
Project("{FAE04EC0-301F-11D3-BF4B-00C04F79EFBC}") = "PsCmdletHelpEditor.Wpf.UI", "PsCmdletHelpEditor.Wpf.UI\PsCmdletHelpEditor.Wpf.UI.csproj", "{062B8DDB-A099-4FC9-A3D8-0CDF985C366C}"
EndProject
Project("{FAE04EC0-301F-11D3-BF4B-00C04F79EFBC}") = "PsCmdletHelpEditor.XmlRpc", "PsCmdletHelpEditor.XmlRpc\PsCmdletHelpEditor.XmlRpc.csproj", "{2FAE87F8-BEE9-4BE7-9F9D-5D795F2DE205}"
EndProject
Project("{FAE04EC0-301F-11D3-BF4B-00C04F79EFBC}") = "PsCmdletHelpEditor.Wpf.Views", "PsCmdletHelpEditor.Wpf.Views\PsCmdletHelpEditor.Wpf.Views.csproj", "{7E7D487D-443E-4594-8619-173C9F9A991B}"
EndProject
Project("{FAE04EC0-301F-11D3-BF4B-00C04F79EFBC}") = "PsCmdletHelpEditor.BLL", "PsCmdletHelpEditor.BLL\PsCmdletHelpEditor.BLL.csproj", "{70AAFD4A-CA90-4EDA-8832-232DF0ABD39C}"
EndProject
Global
	GlobalSection(SolutionConfigurationPlatforms) = preSolution
		Debug|Any CPU = Debug|Any CPU
		Debug|x64 = Debug|x64
		Debug|x86 = Debug|x86
		Release|Any CPU = Release|Any CPU
		Release|x64 = Release|x64
		Release|x86 = Release|x86
	EndGlobalSection
	GlobalSection(ProjectConfigurationPlatforms) = postSolution
		{1193A898-7B3B-4C3F-9594-7E71BA36F030}.Debug|Any CPU.ActiveCfg = Debug|Any CPU
		{1193A898-7B3B-4C3F-9594-7E71BA36F030}.Debug|Any CPU.Build.0 = Debug|Any CPU
		{1193A898-7B3B-4C3F-9594-7E71BA36F030}.Debug|x64.ActiveCfg = Debug|x64
		{1193A898-7B3B-4C3F-9594-7E71BA36F030}.Debug|x64.Build.0 = Debug|x64
		{1193A898-7B3B-4C3F-9594-7E71BA36F030}.Debug|x86.ActiveCfg = Debug|Any CPU
		{1193A898-7B3B-4C3F-9594-7E71BA36F030}.Debug|x86.Build.0 = Debug|Any CPU
		{1193A898-7B3B-4C3F-9594-7E71BA36F030}.Release|Any CPU.ActiveCfg = Release|x86
		{1193A898-7B3B-4C3F-9594-7E71BA36F030}.Release|Any CPU.Build.0 = Release|x86
		{1193A898-7B3B-4C3F-9594-7E71BA36F030}.Release|Any CPU.Deploy.0 = Release|x86
		{1193A898-7B3B-4C3F-9594-7E71BA36F030}.Release|x64.ActiveCfg = Release|x64
		{1193A898-7B3B-4C3F-9594-7E71BA36F030}.Release|x64.Build.0 = Release|x64
		{1193A898-7B3B-4C3F-9594-7E71BA36F030}.Release|x86.ActiveCfg = Release|x86
		{1193A898-7B3B-4C3F-9594-7E71BA36F030}.Release|x86.Build.0 = Release|x86
		{1C8A5FB6-633A-43BD-B1B7-75A0DDC308F5}.Debug|Any CPU.ActiveCfg = Debug|Any CPU
		{1C8A5FB6-633A-43BD-B1B7-75A0DDC308F5}.Debug|Any CPU.Build.0 = Debug|Any CPU
		{1C8A5FB6-633A-43BD-B1B7-75A0DDC308F5}.Debug|x64.ActiveCfg = Debug|Any CPU
		{1C8A5FB6-633A-43BD-B1B7-75A0DDC308F5}.Debug|x64.Build.0 = Debug|Any CPU
		{1C8A5FB6-633A-43BD-B1B7-75A0DDC308F5}.Debug|x86.ActiveCfg = Debug|Any CPU
		{1C8A5FB6-633A-43BD-B1B7-75A0DDC308F5}.Debug|x86.Build.0 = Debug|Any CPU
		{1C8A5FB6-633A-43BD-B1B7-75A0DDC308F5}.Release|Any CPU.ActiveCfg = Release|Any CPU
		{1C8A5FB6-633A-43BD-B1B7-75A0DDC308F5}.Release|Any CPU.Build.0 = Release|Any CPU
		{1C8A5FB6-633A-43BD-B1B7-75A0DDC308F5}.Release|x64.ActiveCfg = Release|Any CPU
		{1C8A5FB6-633A-43BD-B1B7-75A0DDC308F5}.Release|x64.Build.0 = Release|Any CPU
		{1C8A5FB6-633A-43BD-B1B7-75A0DDC308F5}.Release|x86.ActiveCfg = Release|Any CPU
		{1C8A5FB6-633A-43BD-B1B7-75A0DDC308F5}.Release|x86.Build.0 = Release|Any CPU
		{062B8DDB-A099-4FC9-A3D8-0CDF985C366C}.Debug|Any CPU.ActiveCfg = Debug|Any CPU
		{062B8DDB-A099-4FC9-A3D8-0CDF985C366C}.Debug|Any CPU.Build.0 = Debug|Any CPU
		{062B8DDB-A099-4FC9-A3D8-0CDF985C366C}.Debug|x64.ActiveCfg = Debug|Any CPU
		{062B8DDB-A099-4FC9-A3D8-0CDF985C366C}.Debug|x64.Build.0 = Debug|Any CPU
		{062B8DDB-A099-4FC9-A3D8-0CDF985C366C}.Debug|x86.ActiveCfg = Debug|Any CPU
		{062B8DDB-A099-4FC9-A3D8-0CDF985C366C}.Debug|x86.Build.0 = Debug|Any CPU
		{062B8DDB-A099-4FC9-A3D8-0CDF985C366C}.Release|Any CPU.ActiveCfg = Release|Any CPU
		{062B8DDB-A099-4FC9-A3D8-0CDF985C366C}.Release|Any CPU.Build.0 = Release|Any CPU
		{062B8DDB-A099-4FC9-A3D8-0CDF985C366C}.Release|x64.ActiveCfg = Release|Any CPU
		{062B8DDB-A099-4FC9-A3D8-0CDF985C366C}.Release|x64.Build.0 = Release|Any CPU
		{062B8DDB-A099-4FC9-A3D8-0CDF985C366C}.Release|x86.ActiveCfg = Release|Any CPU
		{062B8DDB-A099-4FC9-A3D8-0CDF985C366C}.Release|x86.Build.0 = Release|Any CPU
		{2FAE87F8-BEE9-4BE7-9F9D-5D795F2DE205}.Debug|Any CPU.ActiveCfg = Debug|Any CPU
		{2FAE87F8-BEE9-4BE7-9F9D-5D795F2DE205}.Debug|Any CPU.Build.0 = Debug|Any CPU
		{2FAE87F8-BEE9-4BE7-9F9D-5D795F2DE205}.Debug|x64.ActiveCfg = Debug|Any CPU
		{2FAE87F8-BEE9-4BE7-9F9D-5D795F2DE205}.Debug|x64.Build.0 = Debug|Any CPU
		{2FAE87F8-BEE9-4BE7-9F9D-5D795F2DE205}.Debug|x86.ActiveCfg = Debug|Any CPU
		{2FAE87F8-BEE9-4BE7-9F9D-5D795F2DE205}.Debug|x86.Build.0 = Debug|Any CPU
		{2FAE87F8-BEE9-4BE7-9F9D-5D795F2DE205}.Release|Any CPU.ActiveCfg = Release|Any CPU
		{2FAE87F8-BEE9-4BE7-9F9D-5D795F2DE205}.Release|Any CPU.Build.0 = Release|Any CPU
		{2FAE87F8-BEE9-4BE7-9F9D-5D795F2DE205}.Release|x64.ActiveCfg = Release|Any CPU
		{2FAE87F8-BEE9-4BE7-9F9D-5D795F2DE205}.Release|x64.Build.0 = Release|Any CPU
		{2FAE87F8-BEE9-4BE7-9F9D-5D795F2DE205}.Release|x86.ActiveCfg = Release|Any CPU
		{2FAE87F8-BEE9-4BE7-9F9D-5D795F2DE205}.Release|x86.Build.0 = Release|Any CPU
		{7E7D487D-443E-4594-8619-173C9F9A991B}.Debug|Any CPU.ActiveCfg = Debug|Any CPU
		{7E7D487D-443E-4594-8619-173C9F9A991B}.Debug|Any CPU.Build.0 = Debug|Any CPU
		{7E7D487D-443E-4594-8619-173C9F9A991B}.Debug|x64.ActiveCfg = Debug|Any CPU
		{7E7D487D-443E-4594-8619-173C9F9A991B}.Debug|x64.Build.0 = Debug|Any CPU
		{7E7D487D-443E-4594-8619-173C9F9A991B}.Debug|x86.ActiveCfg = Debug|Any CPU
		{7E7D487D-443E-4594-8619-173C9F9A991B}.Debug|x86.Build.0 = Debug|Any CPU
		{7E7D487D-443E-4594-8619-173C9F9A991B}.Release|Any CPU.ActiveCfg = Release|Any CPU
		{7E7D487D-443E-4594-8619-173C9F9A991B}.Release|Any CPU.Build.0 = Release|Any CPU
		{7E7D487D-443E-4594-8619-173C9F9A991B}.Release|x64.ActiveCfg = Release|Any CPU
		{7E7D487D-443E-4594-8619-173C9F9A991B}.Release|x64.Build.0 = Release|Any CPU
		{7E7D487D-443E-4594-8619-173C9F9A991B}.Release|x86.ActiveCfg = Release|Any CPU
		{7E7D487D-443E-4594-8619-173C9F9A991B}.Release|x86.Build.0 = Release|Any CPU
		{70AAFD4A-CA90-4EDA-8832-232DF0ABD39C}.Debug|Any CPU.ActiveCfg = Debug|Any CPU
		{70AAFD4A-CA90-4EDA-8832-232DF0ABD39C}.Debug|Any CPU.Build.0 = Debug|Any CPU
		{70AAFD4A-CA90-4EDA-8832-232DF0ABD39C}.Debug|x64.ActiveCfg = Debug|Any CPU
		{70AAFD4A-CA90-4EDA-8832-232DF0ABD39C}.Debug|x64.Build.0 = Debug|Any CPU
		{70AAFD4A-CA90-4EDA-8832-232DF0ABD39C}.Debug|x86.ActiveCfg = Debug|Any CPU
		{70AAFD4A-CA90-4EDA-8832-232DF0ABD39C}.Debug|x86.Build.0 = Debug|Any CPU
		{70AAFD4A-CA90-4EDA-8832-232DF0ABD39C}.Release|Any CPU.ActiveCfg = Release|Any CPU
		{70AAFD4A-CA90-4EDA-8832-232DF0ABD39C}.Release|Any CPU.Build.0 = Release|Any CPU
		{70AAFD4A-CA90-4EDA-8832-232DF0ABD39C}.Release|x64.ActiveCfg = Release|Any CPU
		{70AAFD4A-CA90-4EDA-8832-232DF0ABD39C}.Release|x64.Build.0 = Release|Any CPU
		{70AAFD4A-CA90-4EDA-8832-232DF0ABD39C}.Release|x86.ActiveCfg = Release|Any CPU
		{70AAFD4A-CA90-4EDA-8832-232DF0ABD39C}.Release|x86.Build.0 = Release|Any CPU
	EndGlobalSection
	GlobalSection(SolutionProperties) = preSolution
		HideSolutionNode = FALSE
	EndGlobalSection
	GlobalSection(ExtensibilityGlobals) = postSolution
		SolutionGuid = {9E7FDE3C-2959-44FD-A42A-15D2E0A987DC}
	EndGlobalSection
EndGlobal
